
Microsoft Visual Studio Solution File, Format Version 12.00
# Visual Studio Version 17
VisualStudioVersion = 17.7.34302.85
MinimumVisualStudioVersion = 10.0.40219.1
Project("{FAE04EC0-301F-11D3-BF4B-00C04F79EFBC}") = "FribergTest", "FribergTest\FribergTest.csproj", "{6376A246-68A5-44B5-B156-B8749BF7DD1C}"
EndProject
Global
	GlobalSection(SolutionConfigurationPlatforms) = preSolution
		Debug|Any CPU = Debug|Any CPU
		Release|Any CPU = Release|Any CPU
	EndGlobalSection
	GlobalSection(ProjectConfigurationPlatforms) = postSolution
		{6376A246-68A5-44B5-B156-B8749BF7DD1C}.Debug|Any CPU.ActiveCfg = Debug|Any CPU
		{6376A246-68A5-44B5-B156-B8749BF7DD1C}.Debug|Any CPU.Build.0 = Debug|Any CPU
		{6376A246-68A5-44B5-B156-B8749BF7DD1C}.Release|Any CPU.ActiveCfg = Release|Any CPU
		{6376A246-68A5-44B5-B156-B8749BF7DD1C}.Release|Any CPU.Build.0 = Release|Any CPU
	EndGlobalSection
	GlobalSection(SolutionProperties) = preSolution
		HideSolutionNode = FALSE
	EndGlobalSection
	GlobalSection(ExtensibilityGlobals) = postSolution
		SolutionGuid = {C979BA19-0C7D-4495-BE0F-B538A4A22370}
	EndGlobalSection
EndGlobal
